
Microsoft Visual Studio Solution File, Format Version 12.00
# Visual Studio 15
VisualStudioVersion = 15.0.28307.779
MinimumVisualStudioVersion = 10.0.40219.1
Project("{9A19103F-16F7-4668-BE54-9A1E7A4F7556}") = "Cn_UserIdCard", "Cn_UserIdCard\Cn_UserIdCard.csproj", "{0CD60B26-BABF-4099-AF11-F79CF8B32E5E}"
EndProject
Global
	GlobalSection(SolutionConfigurationPlatforms) = preSolution
		Debug|Any CPU = Debug|Any CPU
		Release|Any CPU = Release|Any CPU
	EndGlobalSection
	GlobalSection(ProjectConfigurationPlatforms) = postSolution
		{0CD60B26-BABF-4099-AF11-F79CF8B32E5E}.Debug|Any CPU.ActiveCfg = Debug|Any CPU
		{0CD60B26-BABF-4099-AF11-F79CF8B32E5E}.Debug|Any CPU.Build.0 = Debug|Any CPU
		{0CD60B26-BABF-4099-AF11-F79CF8B32E5E}.Release|Any CPU.ActiveCfg = Release|Any CPU
		{0CD60B26-BABF-4099-AF11-F79CF8B32E5E}.Release|Any CPU.Build.0 = Release|Any CPU
	EndGlobalSection
	GlobalSection(SolutionProperties) = preSolution
		HideSolutionNode = FALSE
	EndGlobalSection
	GlobalSection(ExtensibilityGlobals) = postSolution
		SolutionGuid = {9BB461B5-EA73-4E55-B6A1-3ADF4E809FC8}
	EndGlobalSection
EndGlobal
